
Microsoft Visual Studio Solution File, Format Version 12.00
# Visual Studio Version 17
VisualStudioVersion = 17.9.34728.123
MinimumVisualStudioVersion = 10.0.40219.1
Project("{FAE04EC0-301F-11D3-BF4B-00C04F79EFBC}") = "Hero", "Hero\Hero.csproj", "{C3C9DC49-69BC-40BD-BF01-272FF1ACBD5C}"
EndProject
Global
	GlobalSection(SolutionConfigurationPlatforms) = preSolution
		Debug|Any CPU = Debug|Any CPU
		Release|Any CPU = Release|Any CPU
	EndGlobalSection
	GlobalSection(ProjectConfigurationPlatforms) = postSolution
		{C3C9DC49-69BC-40BD-BF01-272FF1ACBD5C}.Debug|Any CPU.ActiveCfg = Debug|Any CPU
		{C3C9DC49-69BC-40BD-BF01-272FF1ACBD5C}.Debug|Any CPU.Build.0 = Debug|Any CPU
		{C3C9DC49-69BC-40BD-BF01-272FF1ACBD5C}.Release|Any CPU.ActiveCfg = Release|Any CPU
		{C3C9DC49-69BC-40BD-BF01-272FF1ACBD5C}.Release|Any CPU.Build.0 = Release|Any CPU
	EndGlobalSection
	GlobalSection(SolutionProperties) = preSolution
		HideSolutionNode = FALSE
	EndGlobalSection
	GlobalSection(ExtensibilityGlobals) = postSolution
		SolutionGuid = {F6DB4104-FF72-480C-9D6D-447002388DBF}
	EndGlobalSection
EndGlobal
